
Microsoft Visual Studio Solution File, Format Version 12.00
# Visual Studio Version 17
VisualStudioVersion = 17.6.33723.286
MinimumVisualStudioVersion = 10.0.40219.1
Project("{FAE04EC0-301F-11D3-BF4B-00C04F79EFBC}") = "quizllet", "quizllet.csproj", "{69652680-240F-4213-9EED-26F50E11DE23}"
EndProject
Global
	GlobalSection(SolutionConfigurationPlatforms) = preSolution
		Debug|Any CPU = Debug|Any CPU
		Release|Any CPU = Release|Any CPU
	EndGlobalSection
	GlobalSection(ProjectConfigurationPlatforms) = postSolution
		{69652680-240F-4213-9EED-26F50E11DE23}.Debug|Any CPU.ActiveCfg = Debug|Any CPU
		{69652680-240F-4213-9EED-26F50E11DE23}.Debug|Any CPU.Build.0 = Debug|Any CPU
		{69652680-240F-4213-9EED-26F50E11DE23}.Release|Any CPU.ActiveCfg = Release|Any CPU
		{69652680-240F-4213-9EED-26F50E11DE23}.Release|Any CPU.Build.0 = Release|Any CPU
	EndGlobalSection
	GlobalSection(SolutionProperties) = preSolution
		HideSolutionNode = FALSE
	EndGlobalSection
	GlobalSection(ExtensibilityGlobals) = postSolution
		SolutionGuid = {48A725D6-1F50-40C1-95A9-468247FD49D1}
	EndGlobalSection
EndGlobal
